Microsoft Visual Studio Solution File, Format Version 12.00
# Visual Studio 15
VisualStudioVersion = 15.0.27130.2036
MinimumVisualStudioVersion = 10.0.40219.1
Project("{FAE04EC0-301F-11D3-BF4B-00C04F79EFBC}") = "AppChambitasV1", "AppChambitasV1\AppChambitasV1.csproj", "{619FAE2E-3016-49B0-BA35-A75B0509A3EE}"
EndProject
Project("{FAE04EC0-301F-11D3-BF4B-00C04F79EFBC}") = "AppChambitasV1.iOS", "iOS\AppChambitasV1.iOS.csproj", "{A3D6E173-9060-46FE-A8DD-547383440FA8}"
EndProject
Project("{FAE04EC0-301F-11D3-BF4B-00C04F79EFBC}") = "AppChambitasV1.Droid", "Droid\AppChambitasV1.Droid.csproj", "{D6649B92-6BDD-41D4-9BD2-BED67F41C316}"
EndProject
Project("{FAE04EC0-301F-11D3-BF4B-00C04F79EFBC}") = "AppChambitasV1.Domain", "AppChambitasV1.Domain\AppChambitasV1.Domain.csproj", "{FEFB98BB-4504-4C89-909A-CA98212C8277}"
EndProject
Project("{FAE04EC0-301F-11D3-BF4B-00C04F79EFBC}") = "AppChambitasV1.Backend", "AppChambitasV1.Backend\AppChambitasV1.Backend.csproj", "{9DBF1FFE-FC4A-4942-86B4-B8216AD6E9D9}"
EndProject
Project("{FAE04EC0-301F-11D3-BF4B-00C04F79EFBC}") = "AppChambitasV1.API", "AppChambitasV1.API\AppChambitasV1.API.csproj", "{395E41EF-0C6A-46E0-B232-985B1AE5C2C8}"
EndProject
Global
	GlobalSection(SolutionConfigurationPlatforms) = preSolution
		Debug|Any CPU = Debug|Any CPU
		Debug|iPhone = Debug|iPhone
		Debug|iPhoneSimulator = Debug|iPhoneSimulator
		Release|Any CPU = Release|Any CPU
		Release|iPhone = Release|iPhone
		Release|iPhoneSimulator = Release|iPhoneSimulator
	EndGlobalSection
	GlobalSection(ProjectConfigurationPlatforms) = postSolution
		{619FAE2E-3016-49B0-BA35-A75B0509A3EE}.Debug|Any CPU.ActiveCfg = Debug|Any CPU
		{619FAE2E-3016-49B0-BA35-A75B0509A3EE}.Debug|Any CPU.Build.0 = Debug|Any CPU
		{619FAE2E-3016-49B0-BA35-A75B0509A3EE}.Debug|iPhone.ActiveCfg = Debug|Any CPU
		{619FAE2E-3016-49B0-BA35-A75B0509A3EE}.Debug|iPhone.Build.0 = Debug|Any CPU
		{619FAE2E-3016-49B0-BA35-A75B0509A3EE}.Debug|iPhoneSimulator.ActiveCfg = Debug|Any CPU
		{619FAE2E-3016-49B0-BA35-A75B0509A3EE}.Debug|iPhoneSimulator.Build.0 = Debug|Any CPU
		{619FAE2E-3016-49B0-BA35-A75B0509A3EE}.Release|Any CPU.ActiveCfg = Release|Any CPU
		{619FAE2E-3016-49B0-BA35-A75B0509A3EE}.Release|Any CPU.Build.0 = Release|Any CPU
		{619FAE2E-3016-49B0-BA35-A75B0509A3EE}.Release|iPhone.ActiveCfg = Release|Any CPU
		{619FAE2E-3016-49B0-BA35-A75B0509A3EE}.Release|iPhone.Build.0 = Release|Any CPU
		{619FAE2E-3016-49B0-BA35-A75B0509A3EE}.Release|iPhoneSimulator.ActiveCfg = Release|Any CPU
		{619FAE2E-3016-49B0-BA35-A75B0509A3EE}.Release|iPhoneSimulator.Build.0 = Release|Any CPU
		{A3D6E173-9060-46FE-A8DD-547383440FA8}.Debug|Any CPU.ActiveCfg = Debug|iPhoneSimulator
		{A3D6E173-9060-46FE-A8DD-547383440FA8}.Debug|Any CPU.Build.0 = Debug|iPhoneSimulator
		{A3D6E173-9060-46FE-A8DD-547383440FA8}.Debug|iPhone.ActiveCfg = Debug|iPhone
		{A3D6E173-9060-46FE-A8DD-547383440FA8}.Debug|iPhone.Build.0 = Debug|iPhone
		{A3D6E173-9060-46FE-A8DD-547383440FA8}.Debug|iPhoneSimulator.ActiveCfg = Debug|iPhoneSimulator
		{A3D6E173-9060-46FE-A8DD-547383440FA8}.Debug|iPhoneSimulator.Build.0 = Debug|iPhoneSimulator
		{A3D6E173-9060-46FE-A8DD-547383440FA8}.Release|Any CPU.ActiveCfg = Release|iPhone
		{A3D6E173-9060-46FE-A8DD-547383440FA8}.Release|Any CPU.Build.0 = Release|iPhone
		{A3D6E173-9060-46FE-A8DD-547383440FA8}.Release|iPhone.ActiveCfg = Release|iPhone
		{A3D6E173-9060-46FE-A8DD-547383440FA8}.Release|iPhone.Build.0 = Release|iPhone
		{A3D6E173-9060-46FE-A8DD-547383440FA8}.Release|iPhoneSimulator.ActiveCfg = Release|iPhoneSimulator
		{A3D6E173-9060-46FE-A8DD-547383440FA8}.Release|iPhoneSimulator.Build.0 = Release|iPhoneSimulator
		{D6649B92-6BDD-41D4-9BD2-BED67F41C316}.Debug|Any CPU.ActiveCfg = Debug|Any CPU
		{D6649B92-6BDD-41D4-9BD2-BED67F41C316}.Debug|Any CPU.Build.0 = Debug|Any CPU
		{D6649B92-6BDD-41D4-9BD2-BED67F41C316}.Debug|Any CPU.Deploy.0 = Debug|Any CPU
		{D6649B92-6BDD-41D4-9BD2-BED67F41C316}.Debug|iPhone.ActiveCfg = Debug|Any CPU
		{D6649B92-6BDD-41D4-9BD2-BED67F41C316}.Debug|iPhone.Build.0 = Debug|Any CPU
		{D6649B92-6BDD-41D4-9BD2-BED67F41C316}.Debug|iPhoneSimulator.ActiveCfg = Debug|Any CPU
		{D6649B92-6BDD-41D4-9BD2-BED67F41C316}.Debug|iPhoneSimulator.Build.0 = Debug|Any CPU
		{D6649B92-6BDD-41D4-9BD2-BED67F41C316}.Release|Any CPU.ActiveCfg = Release|Any CPU
		{D6649B92-6BDD-41D4-9BD2-BED67F41C316}.Release|Any CPU.Build.0 = Release|Any CPU
		{D6649B92-6BDD-41D4-9BD2-BED67F41C316}.Release|iPhone.ActiveCfg = Release|Any CPU
		{D6649B92-6BDD-41D4-9BD2-BED67F41C316}.Release|iPhone.Build.0 = Release|Any CPU
		{D6649B92-6BDD-41D4-9BD2-BED67F41C316}.Release|iPhoneSimulator.ActiveCfg = Release|Any CPU
		{D6649B92-6BDD-41D4-9BD2-BED67F41C316}.Release|iPhoneSimulator.Build.0 = Release|Any CPU
		{FEFB98BB-4504-4C89-909A-CA98212C8277}.Debug|Any CPU.ActiveCfg = Debug|Any CPU
		{FEFB98BB-4504-4C89-909A-CA98212C8277}.Debug|Any CPU.Build.0 = Debug|Any CPU
		{FEFB98BB-4504-4C89-909A-CA98212C8277}.Debug|iPhone.ActiveCfg = Debug|Any CPU
		{FEFB98BB-4504-4C89-909A-CA98212C8277}.Debug|iPhone.Build.0 = Debug|Any CPU
		{FEFB98BB-4504-4C89-909A-CA98212C8277}.Debug|iPhoneSimulator.ActiveCfg = Debug|Any CPU
		{FEFB98BB-4504-4C89-909A-CA98212C8277}.Debug|iPhoneSimulator.Build.0 = Debug|Any CPU
		{FEFB98BB-4504-4C89-909A-CA98212C8277}.Release|Any CPU.ActiveCfg = Release|Any CPU
		{FEFB98BB-4504-4C89-909A-CA98212C8277}.Release|Any CPU.Build.0 = Release|Any CPU
		{FEFB98BB-4504-4C89-909A-CA98212C8277}.Release|iPhone.ActiveCfg = Release|Any CPU
		{FEFB98BB-4504-4C89-909A-CA98212C8277}.Release|iPhone.Build.0 = Release|Any CPU
		{FEFB98BB-4504-4C89-909A-CA98212C8277}.Release|iPhoneSimulator.ActiveCfg = Release|Any CPU
		{FEFB98BB-4504-4C89-909A-CA98212C8277}.Release|iPhoneSimulator.Build.0 = Release|Any CPU
		{9DBF1FFE-FC4A-4942-86B4-B8216AD6E9D9}.Debug|Any CPU.ActiveCfg = Debug|Any CPU
		{9DBF1FFE-FC4A-4942-86B4-B8216AD6E9D9}.Debug|Any CPU.Build.0 = Debug|Any CPU
		{9DBF1FFE-FC4A-4942-86B4-B8216AD6E9D9}.Debug|iPhone.ActiveCfg = Debug|Any CPU
		{9DBF1FFE-FC4A-4942-86B4-B8216AD6E9D9}.Debug|iPhone.Build.0 = Debug|Any CPU
		{9DBF1FFE-FC4A-4942-86B4-B8216AD6E9D9}.Debug|iPhoneSimulator.ActiveCfg = Debug|Any CPU
		{9DBF1FFE-FC4A-4942-86B4-B8216AD6E9D9}.Debug|iPhoneSimulator.Build.0 = Debug|Any CPU
		{9DBF1FFE-FC4A-4942-86B4-B8216AD6E9D9}.Release|Any CPU.ActiveCfg = Release|Any CPU
		{9DBF1FFE-FC4A-4942-86B4-B8216AD6E9D9}.Release|Any CPU.Build.0 = Release|Any CPU
		{9DBF1FFE-FC4A-4942-86B4-B8216AD6E9D9}.Release|iPhone.ActiveCfg = Release|Any CPU
		{9DBF1FFE-FC4A-4942-86B4-B8216AD6E9D9}.Release|iPhone.Build.0 = Release|Any CPU
		{9DBF1FFE-FC4A-4942-86B4-B8216AD6E9D9}.Release|iPhoneSimulator.ActiveCfg = Release|Any CPU
		{9DBF1FFE-FC4A-4942-86B4-B8216AD6E9D9}.Release|iPhoneSimulator.Build.0 = Release|Any CPU
		{395E41EF-0C6A-46E0-B232-985B1AE5C2C8}.Debug|Any CPU.ActiveCfg = Debug|Any CPU
		{395E41EF-0C6A-46E0-B232-985B1AE5C2C8}.Debug|Any CPU.Build.0 = Debug|Any CPU
		{395E41EF-0C6A-46E0-B232-985B1AE5C2C8}.Debug|iPhone.ActiveCfg = Debug|Any CPU
		{395E41EF-0C6A-46E0-B232-985B1AE5C2C8}.Debug|iPhone.Build.0 = Debug|Any CPU
		{395E41EF-0C6A-46E0-B232-985B1AE5C2C8}.Debug|iPhoneSimulator.ActiveCfg = Debug|Any CPU
		{395E41EF-0C6A-46E0-B232-985B1AE5C2C8}.Debug|iPhoneSimulator.Build.0 = Debug|Any CPU
		{395E41EF-0C6A-46E0-B232-985B1AE5C2C8}.Release|Any CPU.ActiveCfg = Release|Any CPU
		{395E41EF-0C6A-46E0-B232-985B1AE5C2C8}.Release|Any CPU.Build.0 = Release|Any CPU
		{395E41EF-0C6A-46E0-B232-985B1AE5C2C8}.Release|iPhone.ActiveCfg = Release|Any CPU
		{395E41EF-0C6A-46E0-B232-985B1AE5C2C8}.Release|iPhone.Build.0 = Release|Any CPU
		{395E41EF-0C6A-46E0-B232-985B1AE5C2C8}.Release|iPhoneSimulator.ActiveCfg = Release|Any CPU
		{395E41EF-0C6A-46E0-B232-985B1AE5C2C8}.Release|iPhoneSimulator.Build.0 = Release|Any CPU
	EndGlobalSection
	GlobalSection(SolutionProperties) = preSolution
		HideSolutionNode = FALSE
	EndGlobalSection
	GlobalSection(ExtensibilityGlobals) = postSolution
		SolutionGuid = {15C99B6D-7E97-4E63-89FA-2F0C2FAE104E}
	EndGlobalSection
EndGlobal
